// !$*UTF8*$!
{
	archiveVersion = 1;
	classes = {
	};
	objectVersion = 56;
	objects = {

/* Begin PBXBuildFile section */
		651909C72C97DC0700FC7CD9 /* GridBootcamp.swift in Sources */ = {isa = PBXBuildFile; fileRef = 651909C62C97DC0700FC7CD9 /* GridBootcamp.swift */; };
		651909C92C97E79200FC7CD9 /* SafeAreaBootcamp.swift in Sources */ = {isa = PBXBuildFile; fileRef = 651909C82C97E79200FC7CD9 /* SafeAreaBootcamp.swift */; };
		651F3E2D2C92C69D00F5B45A /* FrameBootcamp.swift in Sources */ = {isa = PBXBuildFile; fileRef = 651F3E2C2C92C69D00F5B45A /* FrameBootcamp.swift */; };
		651F3E2F2C92CB5800F5B45A /* Background&OverplayBootcamp.swift in Sources */ = {isa = PBXBuildFile; fileRef = 651F3E2E2C92CB5800F5B45A /* Background&OverplayBootcamp.swift */; };
		652CF7462C984D29002D8E19 /* ButtonBootcamp.swift in Sources */ = {isa = PBXBuildFile; fileRef = 652CF7452C984D29002D8E19 /* ButtonBootcamp.swift */; };
		6547E8032CA12CB000149104 /* AnimationBootcamp.swift in Sources */ = {isa = PBXBuildFile; fileRef = 6547E8022CA12CB000149104 /* AnimationBootcamp.swift */; };
		654DA4012CA2909400CD5A74 /* AnimationTimingBootcamp.swift in Sources */ = {isa = PBXBuildFile; fileRef = 654DA4002CA2909400CD5A74 /* AnimationTimingBootcamp.swift */; };
		654DA4032CA2969A00CD5A74 /* TransitionBootcamp.swift in Sources */ = {isa = PBXBuildFile; fileRef = 654DA4022CA2969A00CD5A74 /* TransitionBootcamp.swift */; };
		65AA6EAA2C95948D004B1860 /* StackBootcamp.swift in Sources */ = {isa = PBXBuildFile; fileRef = 65AA6EA92C95948D004B1860 /* StackBootcamp.swift */; };
		65AA6EAC2C959D27004B1860 /* PaddingAndSpacerBootcamp.swift in Sources */ = {isa = PBXBuildFile; fileRef = 65AA6EAB2C959D27004B1860 /* PaddingAndSpacerBootcamp.swift */; };
		65BE7D3E2C9696D300C452F9 /* SpacerBootcamp.swift in Sources */ = {isa = PBXBuildFile; fileRef = 65BE7D3D2C9696D300C452F9 /* SpacerBootcamp.swift */; };
		65BE7D402C96A2D100C452F9 /* ForEachBootcamp.swift in Sources */ = {isa = PBXBuildFile; fileRef = 65BE7D3F2C96A2D100C452F9 /* ForEachBootcamp.swift */; };
		65BE7D422C96A83300C452F9 /* ScrollViewBootcamp.swift in Sources */ = {isa = PBXBuildFile; fileRef = 65BE7D412C96A83300C452F9 /* ScrollViewBootcamp.swift */; };
		65C2E9E32C9FDECD0025564C /* StateBootcamp.swift in Sources */ = {isa = PBXBuildFile; fileRef = 65C2E9E22C9FDECD0025564C /* StateBootcamp.swift */; };
		65C2E9E52C9FE8780025564C /* ExtractingBootcamp.swift in Sources */ = {isa = PBXBuildFile; fileRef = 65C2E9E42C9FE8780025564C /* ExtractingBootcamp.swift */; };
		65C2E9E72C9FF1210025564C /* BindingBootcamp.swift in Sources */ = {isa = PBXBuildFile; fileRef = 65C2E9E62C9FF1210025564C /* BindingBootcamp.swift */; };
		65F859132C91F94800F36691 /* SwiftUI_BootcampApp.swift in Sources */ = {isa = PBXBuildFile; fileRef = 65F859122C91F94800F36691 /* SwiftUI_BootcampApp.swift */; };
		65F859152C91F94800F36691 /* IconsBootcamp.swift in Sources */ = {isa = PBXBuildFile; fileRef = 65F859142C91F94800F36691 /* IconsBootcamp.swift */; };
		65F859172C91F94A00F36691 /* Assets.xcassets in Resources */ = {isa = PBXBuildFile; fileRef = 65F859162C91F94A00F36691 /* Assets.xcassets */; };
		65F8591A2C91F94A00F36691 /* Preview Assets.xcassets in Resources */ = {isa = PBXBuildFile; fileRef = 65F859192C91F94A00F36691 /* Preview Assets.xcassets */; };
		65F859212C91FD4000F36691 /* ImagesBootCamp.swift in Sources */ = {isa = PBXBuildFile; fileRef = 65F859202C91FD4000F36691 /* ImagesBootCamp.swift */; };
/* End PBXBuildFile section */

/* Begin PBXFileReference section */
		651909C62C97DC0700FC7CD9 /* GridBootcamp.swift */ = {isa = PBXFileReference; lastKnownFileType = sourcecode.swift; path = GridBootcamp.swift; sourceTree = "<group>"; };
		651909C82C97E79200FC7CD9 /* SafeAreaBootcamp.swift */ = {isa = PBXFileReference; lastKnownFileType = sourcecode.swift; path = SafeAreaBootcamp.swift; sourceTree = "<group>"; };
		651F3E2C2C92C69D00F5B45A /* FrameBootcamp.swift */ = {isa = PBXFileReference; lastKnownFileType = sourcecode.swift; path = FrameBootcamp.swift; sourceTree = "<group>"; };
		651F3E2E2C92CB5800F5B45A /* Background&OverplayBootcamp.swift */ = {isa = PBXFileReference; lastKnownFileType = sourcecode.swift; path = "Background&OverplayBootcamp.swift"; sourceTree = "<group>"; };
		652CF7452C984D29002D8E19 /* ButtonBootcamp.swift */ = {isa = PBXFileReference; lastKnownFileType = sourcecode.swift; path = ButtonBootcamp.swift; sourceTree = "<group>"; };
		6547E8022CA12CB000149104 /* AnimationBootcamp.swift */ = {isa = PBXFileReference; lastKnownFileType = sourcecode.swift; path = AnimationBootcamp.swift; sourceTree = "<group>"; };
		654DA4002CA2909400CD5A74 /* AnimationTimingBootcamp.swift */ = {isa = PBXFileReference; lastKnownFileType = sourcecode.swift; path = AnimationTimingBootcamp.swift; sourceTree = "<group>"; };
		654DA4022CA2969A00CD5A74 /* TransitionBootcamp.swift */ = {isa = PBXFileReference; lastKnownFileType = sourcecode.swift; path = TransitionBootcamp.swift; sourceTree = "<group>"; };
		65AA6EA92C95948D004B1860 /* StackBootcamp.swift */ = {isa = PBXFileReference; lastKnownFileType = sourcecode.swift; path = StackBootcamp.swift; sourceTree = "<group>"; };
		65AA6EAB2C959D27004B1860 /* PaddingAndSpacerBootcamp.swift */ = {isa = PBXFileReference; lastKnownFileType = sourcecode.swift; path = PaddingAndSpacerBootcamp.swift; sourceTree = "<group>"; };
		65BE7D3D2C9696D300C452F9 /* SpacerBootcamp.swift */ = {isa = PBXFileReference; lastKnownFileType = sourcecode.swift; path = SpacerBootcamp.swift; sourceTree = "<group>"; };
		65BE7D3F2C96A2D100C452F9 /* ForEachBootcamp.swift */ = {isa = PBXFileReference; lastKnownFileType = sourcecode.swift; path = ForEachBootcamp.swift; sourceTree = "<group>"; };
		65BE7D412C96A83300C452F9 /* ScrollViewBootcamp.swift */ = {isa = PBXFileReference; lastKnownFileType = sourcecode.swift; path = ScrollViewBootcamp.swift; sourceTree = "<group>"; };
		65C2E9E22C9FDECD0025564C /* StateBootcamp.swift */ = {isa = PBXFileReference; lastKnownFileType = sourcecode.swift; path = StateBootcamp.swift; sourceTree = "<group>"; };
		65C2E9E42C9FE8780025564C /* ExtractingBootcamp.swift */ = {isa = PBXFileReference; lastKnownFileType = sourcecode.swift; path = ExtractingBootcamp.swift; sourceTree = "<group>"; };
		65C2E9E62C9FF1210025564C /* BindingBootcamp.swift */ = {isa = PBXFileReference; lastKnownFileType = sourcecode.swift; path = BindingBootcamp.swift; sourceTree = "<group>"; };
		65F8590F2C91F94800F36691 /* SwiftUI-Bootcamp.app */ = {isa = PBXFileReference; explicitFileType = wrapper.application; includeInIndex = 0; path = "SwiftUI-Bootcamp.app"; sourceTree = BUILT_PRODUCTS_DIR; };
		65F859122C91F94800F36691 /* SwiftUI_BootcampApp.swift */ = {isa = PBXFileReference; lastKnownFileType = sourcecode.swift; path = SwiftUI_BootcampApp.swift; sourceTree = "<group>"; };
		65F859142C91F94800F36691 /* IconsBootcamp.swift */ = {isa = PBXFileReference; lastKnownFileType = sourcecode.swift; path = IconsBootcamp.swift; sourceTree = "<group>"; };
		65F859162C91F94A00F36691 /* Assets.xcassets */ = {isa = PBXFileReference; lastKnownFileType = folder.assetcatalog; path = Assets.xcassets; sourceTree = "<group>"; };
		65F859192C91F94A00F36691 /* Preview Assets.xcassets */ = {isa = PBXFileReference; lastKnownFileType = folder.assetcatalog; path = "Preview Assets.xcassets"; sourceTree = "<group>"; };
		65F859202C91FD4000F36691 /* ImagesBootCamp.swift */ = {isa = PBXFileReference; lastKnownFileType = sourcecode.swift; path = ImagesBootCamp.swift; sourceTree = "<group>"; };
/* End PBXFileReference section */

/* Begin PBXFrameworksBuildPhase section */
		65F8590C2C91F94800F36691 /* Frameworks */ = {
			isa = PBXFrameworksBuildPhase;
			buildActionMask = 2147483647;
			files = (
			);
			runOnlyForDeploymentPostprocessing = 0;
		};
/* End PBXFrameworksBuildPhase section */

/* Begin PBXGroup section */
		65F859062C91F94800F36691 = {
			isa = PBXGroup;
			children = (
				65F859112C91F94800F36691 /* SwiftUI-Bootcamp */,
				65F859102C91F94800F36691 /* Products */,
			);
			sourceTree = "<group>";
		};
		65F859102C91F94800F36691 /* Products */ = {
			isa = PBXGroup;
			children = (
				65F8590F2C91F94800F36691 /* SwiftUI-Bootcamp.app */,
			);
			name = Products;
			sourceTree = "<group>";
		};
		65F859112C91F94800F36691 /* SwiftUI-Bootcamp */ = {
			isa = PBXGroup;
			children = (
				65F859122C91F94800F36691 /* SwiftUI_BootcampApp.swift */,
				65F859202C91FD4000F36691 /* ImagesBootCamp.swift */,
				65F859142C91F94800F36691 /* IconsBootcamp.swift */,
				651F3E2C2C92C69D00F5B45A /* FrameBootcamp.swift */,
				651F3E2E2C92CB5800F5B45A /* Background&OverplayBootcamp.swift */,
				65AA6EA92C95948D004B1860 /* StackBootcamp.swift */,
				65AA6EAB2C959D27004B1860 /* PaddingAndSpacerBootcamp.swift */,
				65BE7D3D2C9696D300C452F9 /* SpacerBootcamp.swift */,
				65BE7D3F2C96A2D100C452F9 /* ForEachBootcamp.swift */,
				65BE7D412C96A83300C452F9 /* ScrollViewBootcamp.swift */,
				651909C62C97DC0700FC7CD9 /* GridBootcamp.swift */,
				651909C82C97E79200FC7CD9 /* SafeAreaBootcamp.swift */,
				652CF7452C984D29002D8E19 /* ButtonBootcamp.swift */,
				65C2E9E22C9FDECD0025564C /* StateBootcamp.swift */,
				65C2E9E42C9FE8780025564C /* ExtractingBootcamp.swift */,
				65C2E9E62C9FF1210025564C /* BindingBootcamp.swift */,
				6547E8022CA12CB000149104 /* AnimationBootcamp.swift */,
				654DA4002CA2909400CD5A74 /* AnimationTimingBootcamp.swift */,
				654DA4022CA2969A00CD5A74 /* TransitionBootcamp.swift */,
				65F859162C91F94A00F36691 /* Assets.xcassets */,
				65F859182C91F94A00F36691 /* Preview Content */,
			);
			path = "SwiftUI-Bootcamp";
			sourceTree = "<group>";
		};
		65F859182C91F94A00F36691 /* Preview Content */ = {
			isa = PBXGroup;
			children = (
				65F859192C91F94A00F36691 /* Preview Assets.xcassets */,
			);
			path = "Preview Content";
			sourceTree = "<group>";
		};
/* End PBXGroup section */

/* Begin PBXNativeTarget section */
		65F8590E2C91F94800F36691 /* SwiftUI-Bootcamp */ = {
			isa = PBXNativeTarget;
			buildConfigurationList = 65F8591D2C91F94A00F36691 /* Build configuration list for PBXNativeTarget "SwiftUI-Bootcamp" */;
			buildPhases = (
				65F8590B2C91F94800F36691 /* Sources */,
				65F8590C2C91F94800F36691 /* Frameworks */,
				65F8590D2C91F94800F36691 /* Resources */,
			);
			buildRules = (
			);
			dependencies = (
			);
			name = "SwiftUI-Bootcamp";
			productName = "SwiftUI-Bootcamp";
			productReference = 65F8590F2C91F94800F36691 /* SwiftUI-Bootcamp.app */;
			productType = "com.apple.product-type.application";
		};
/* End PBXNativeTarget section */

/* Begin PBXProject section */
		65F859072C91F94800F36691 /* Project object */ = {
			isa = PBXProject;
			attributes = {
				BuildIndependentTargetsInParallel = 1;
				LastSwiftUpdateCheck = 1540;
				LastUpgradeCheck = 1540;
				TargetAttributes = {
					65F8590E2C91F94800F36691 = {
						CreatedOnToolsVersion = 15.4;
					};
				};
			};
			buildConfigurationList = 65F8590A2C91F94800F36691 /* Build configuration list for PBXProject "SwiftUI-Bootcamp" */;
			compatibilityVersion = "Xcode 14.0";
			developmentRegion = en;
			hasScannedForEncodings = 0;
			knownRegions = (
				en,
				Base,
			);
			mainGroup = 65F859062C91F94800F36691;
			productRefGroup = 65F859102C91F94800F36691 /* Products */;
			projectDirPath = "";
			projectRoot = "";
			targets = (
				65F8590E2C91F94800F36691 /* SwiftUI-Bootcamp */,
			);
		};
/* End PBXProject section */

/* Begin PBXResourcesBuildPhase section */
		65F8590D2C91F94800F36691 /* Resources */ = {
			isa = PBXResourcesBuildPhase;
			buildActionMask = 2147483647;
			files = (
				65F8591A2C91F94A00F36691 /* Preview Assets.xcassets in Resources */,
				65F859172C91F94A00F36691 /* Assets.xcassets in Resources */,
			);
			runOnlyForDeploymentPostprocessing = 0;
		};
/* End PBXResourcesBuildPhase section */

/* Begin PBXSourcesBuildPhase section */
		65F8590B2C91F94800F36691 /* Sources */ = {
			isa = PBXSourcesBuildPhase;
			buildActionMask = 2147483647;
			files = (
				65C2E9E72C9FF1210025564C /* BindingBootcamp.swift in Sources */,
				65C2E9E32C9FDECD0025564C /* StateBootcamp.swift in Sources */,
				65F859152C91F94800F36691 /* IconsBootcamp.swift in Sources */,
				65AA6EAA2C95948D004B1860 /* StackBootcamp.swift in Sources */,
				651909C92C97E79200FC7CD9 /* SafeAreaBootcamp.swift in Sources */,
				65BE7D422C96A83300C452F9 /* ScrollViewBootcamp.swift in Sources */,
				65BE7D3E2C9696D300C452F9 /* SpacerBootcamp.swift in Sources */,
				652CF7462C984D29002D8E19 /* ButtonBootcamp.swift in Sources */,
				65F859212C91FD4000F36691 /* ImagesBootCamp.swift in Sources */,
				651F3E2D2C92C69D00F5B45A /* FrameBootcamp.swift in Sources */,
				65F859132C91F94800F36691 /* SwiftUI_BootcampApp.swift in Sources */,
				654DA4032CA2969A00CD5A74 /* TransitionBootcamp.swift in Sources */,
				65AA6EAC2C959D27004B1860 /* PaddingAndSpacerBootcamp.swift in Sources */,
				651909C72C97DC0700FC7CD9 /* GridBootcamp.swift in Sources */,
				654DA4012CA2909400CD5A74 /* AnimationTimingBootcamp.swift in Sources */,
				6547E8032CA12CB000149104 /* AnimationBootcamp.swift in Sources */,
				65C2E9E52C9FE8780025564C /* ExtractingBootcamp.swift in Sources */,
				651F3E2F2C92CB5800F5B45A /* Background&OverplayBootcamp.swift in Sources */,
				65BE7D402C96A2D100C452F9 /* ForEachBootcamp.swift in Sources */,
			);
			runOnlyForDeploymentPostprocessing = 0;
		};
/* End PBXSourcesBuildPhase section */

/* Begin XCBuildConfiguration section */
		65F8591B2C91F94A00F36691 /* Debug */ = {
			isa = XCBuildConfiguration;
			buildSettings = {
				ALWAYS_SEARCH_USER_PATHS = NO;
				ASSETCATALOG_COMPILER_GENERATE_SWIFT_ASSET_SYMBOL_EXTENSIONS = YES;
				CLANG_ANALYZER_NONNULL = YES;
				CLANG_ANALYZER_NUMBER_OBJECT_CONVERSION = YES_AGGRESSIVE;
				CLANG_CXX_LANGUAGE_STANDARD = "gnu++20";
				CLANG_ENABLE_MODULES = YES;
				CLANG_ENABLE_OBJC_ARC = YES;
				CLANG_ENABLE_OBJC_WEAK = YES;
				CLANG_WARN_BLOCK_CAPTURE_AUTORELEASING = YES;
				CLANG_WARN_BOOL_CONVERSION = YES;
				CLANG_WARN_COMMA = YES;
				CLANG_WARN_CONSTANT_CONVERSION = YES;
				CLANG_WARN_DEPRECATED_OBJC_IMPLEMENTATIONS = YES;
				CLANG_WARN_DIRECT_OBJC_ISA_USAGE = YES_ERROR;
				CLANG_WARN_DOCUMENTATION_COMMENTS = YES;
				CLANG_WARN_EMPTY_BODY = YES;
				CLANG_WARN_ENUM_CONVERSION = YES;
				CLANG_WARN_INFINITE_RECURSION = YES;
				CLANG_WARN_INT_CONVERSION = YES;
				CLANG_WARN_NON_LITERAL_NULL_CONVERSION = YES;
				CLANG_WARN_OBJC_IMPLICIT_RETAIN_SELF = YES;
				CLANG_WARN_OBJC_LITERAL_CONVERSION = YES;
				CLANG_WARN_OBJC_ROOT_CLASS = YES_ERROR;
				CLANG_WARN_QUOTED_INCLUDE_IN_FRAMEWORK_HEADER = YES;
				CLANG_WARN_RANGE_LOOP_ANALYSIS = YES;
				CLANG_WARN_STRICT_PROTOTYPES = YES;
				CLANG_WARN_SUSPICIOUS_MOVE = YES;
				CLANG_WARN_UNGUARDED_AVAILABILITY = YES_AGGRESSIVE;
				CLANG_WARN_UNREACHABLE_CODE = YES;
				CLANG_WARN__DUPLICATE_METHOD_MATCH = YES;
				COPY_PHASE_STRIP = NO;
				DEBUG_INFORMATION_FORMAT = dwarf;
				ENABLE_STRICT_OBJC_MSGSEND = YES;
				ENABLE_TESTABILITY = YES;
				ENABLE_USER_SCRIPT_SANDBOXING = YES;
				GCC_C_LANGUAGE_STANDARD = gnu17;
				GCC_DYNAMIC_NO_PIC = NO;
				GCC_NO_COMMON_BLOCKS = YES;
				GCC_OPTIMIZATION_LEVEL = 0;
				GCC_PREPROCESSOR_DEFINITIONS = (
					"DEBUG=1",
					"$(inherited)",
				);
				GCC_WARN_64_TO_32_BIT_CONVERSION = YES;
				GCC_WARN_ABOUT_RETURN_TYPE = YES_ERROR;
				GCC_WARN_UNDECLARED_SELECTOR = YES;
				GCC_WARN_UNINITIALIZED_AUTOS = YES_AGGRESSIVE;
				GCC_WARN_UNUSED_FUNCTION = YES;
				GCC_WARN_UNUSED_VARIABLE = YES;
				IPHONEOS_DEPLOYMENT_TARGET = 17.5;
				LOCALIZATION_PREFERS_STRING_CATALOGS = YES;
				MTL_ENABLE_DEBUG_INFO = INCLUDE_SOURCE;
				MTL_FAST_MATH = YES;
				ONLY_ACTIVE_ARCH = YES;
				SDKROOT = iphoneos;
				SWIFT_ACTIVE_COMPILATION_CONDITIONS = "DEBUG $(inherited)";
				SWIFT_OPTIMIZATION_LEVEL = "-Onone";
			};
			name = Debug;
		};
		65F8591C2C91F94A00F36691 /* Release */ = {
			isa = XCBuildConfiguration;
			buildSettings = {
				ALWAYS_SEARCH_USER_PATHS = NO;
				ASSETCATALOG_COMPILER_GENERATE_SWIFT_ASSET_SYMBOL_EXTENSIONS = YES;
				CLANG_ANALYZER_NONNULL = YES;
				CLANG_ANALYZER_NUMBER_OBJECT_CONVERSION = YES_AGGRESSIVE;
				CLANG_CXX_LANGUAGE_STANDARD = "gnu++20";
				CLANG_ENABLE_MODULES = YES;
				CLANG_ENABLE_OBJC_ARC = YES;
				CLANG_ENABLE_OBJC_WEAK = YES;
				CLANG_WARN_BLOCK_CAPTURE_AUTORELEASING = YES;
				CLANG_WARN_BOOL_CONVERSION = YES;
				CLANG_WARN_COMMA = YES;
				CLANG_WARN_CONSTANT_CONVERSION = YES;
				CLANG_WARN_DEPRECATED_OBJC_IMPLEMENTATIONS = YES;
				CLANG_WARN_DIRECT_OBJC_ISA_USAGE = YES_ERROR;
				CLANG_WARN_DOCUMENTATION_COMMENTS = YES;
				CLANG_WARN_EMPTY_BODY = YES;
				CLANG_WARN_ENUM_CONVERSION = YES;
				CLANG_WARN_INFINITE_RECURSION = YES;
				CLANG_WARN_INT_CONVERSION = YES;
				CLANG_WARN_NON_LITERAL_NULL_CONVERSION = YES;
				CLANG_WARN_OBJC_IMPLICIT_RETAIN_SELF = YES;
				CLANG_WARN_OBJC_LITERAL_CONVERSION = YES;
				CLANG_WARN_OBJC_ROOT_CLASS = YES_ERROR;
				CLANG_WARN_QUOTED_INCLUDE_IN_FRAMEWORK_HEADER = YES;
				CLANG_WARN_RANGE_LOOP_ANALYSIS = YES;
				CLANG_WARN_STRICT_PROTOTYPES = YES;
				CLANG_WARN_SUSPICIOUS_MOVE = YES;
				CLANG_WARN_UNGUARDED_AVAILABILITY = YES_AGGRESSIVE;
				CLANG_WARN_UNREACHABLE_CODE = YES;
				CLANG_WARN__DUPLICATE_METHOD_MATCH = YES;
				COPY_PHASE_STRIP = NO;
				DEBUG_INFORMATION_FORMAT = "dwarf-with-dsym";
				ENABLE_NS_ASSERTIONS = NO;
				ENABLE_STRICT_OBJC_MSGSEND = YES;
				ENABLE_USER_SCRIPT_SANDBOXING = YES;
				GCC_C_LANGUAGE_STANDARD = gnu17;
				GCC_NO_COMMON_BLOCKS = YES;
				GCC_WARN_64_TO_32_BIT_CONVERSION = YES;
				GCC_WARN_ABOUT_RETURN_TYPE = YES_ERROR;
				GCC_WARN_UNDECLARED_SELECTOR = YES;
				GCC_WARN_UNINITIALIZED_AUTOS = YES_AGGRESSIVE;
				GCC_WARN_UNUSED_FUNCTION = YES;
				GCC_WARN_UNUSED_VARIABLE = YES;
				IPHONEOS_DEPLOYMENT_TARGET = 17.5;
				LOCALIZATION_PREFERS_STRING_CATALOGS = YES;
				MTL_ENABLE_DEBUG_INFO = NO;
				MTL_FAST_MATH = YES;
				SDKROOT = iphoneos;
				SWIFT_COMPILATION_MODE = wholemodule;
				VALIDATE_PRODUCT = YES;
			};
			name = Release;
		};
		65F8591E2C91F94A00F36691 /* Debug */ = {
			isa = XCBuildConfiguration;
			buildSettings = {
				ASSETCATALOG_COMPILER_APPICON_NAME = AppIcon;
				ASSETCATALOG_COMPILER_GLOBAL_ACCENT_COLOR_NAME = AccentColor;
				CODE_SIGN_STYLE = Automatic;
				CURRENT_PROJECT_VERSION = 1;
				DEVELOPMENT_ASSET_PATHS = "\"SwiftUI-Bootcamp/Preview Content\"";
				ENABLE_PREVIEWS = YES;
				GENERATE_INFOPLIST_FILE = YES;
				INFOPLIST_KEY_UIApplicationSceneManifest_Generation = YES;
				INFOPLIST_KEY_UIApplicationSupportsIndirectInputEvents = YES;
				INFOPLIST_KEY_UILaunchScreen_Generation = YES;
				INFOPLIST_KEY_UISupportedInterfaceOrientations_iPad = "UIInterfaceOrientationPortrait UIInterfaceOrientationPortraitUpsideDown UIInterfaceOrientationLandscapeLeft UIInterfaceOrientationLandscapeRight";
				INFOPLIST_KEY_UISupportedInterfaceOrientations_iPhone = "UIInterfaceOrientationPortrait UIInterfaceOrientationLandscapeLeft UIInterfaceOrientationLandscapeRight";
				LD_RUNPATH_SEARCH_PATHS = (
					"$(inherited)",
					"@executable_path/Frameworks",
				);
				MARKETING_VERSION = 1.0;
				PRODUCT_BUNDLE_IDENTIFIER = "com.minh.SwiftUI-Bootcamp";
				PRODUCT_NAME = "$(TARGET_NAME)";
				SWIFT_EMIT_LOC_STRINGS = YES;
				SWIFT_VERSION = 5.0;
				TARGETED_DEVICE_FAMILY = "1,2";
			};
			name = Debug;
		};
		65F8591F2C91F94A00F36691 /* Release */ = {
			isa = XCBuildConfiguration;
			buildSettings = {
				ASSETCATALOG_COMPILER_APPICON_NAME = AppIcon;
				ASSETCATALOG_COMPILER_GLOBAL_ACCENT_COLOR_NAME = AccentColor;
				CODE_SIGN_STYLE = Automatic;
				CURRENT_PROJECT_VERSION = 1;
				DEVELOPMENT_ASSET_PATHS = "\"SwiftUI-Bootcamp/Preview Content\"";
				ENABLE_PREVIEWS = YES;
				GENERATE_INFOPLIST_FILE = YES;
				INFOPLIST_KEY_UIApplicationSceneManifest_Generation = YES;
				INFOPLIST_KEY_UIApplicationSupportsIndirectInputEvents = YES;
				INFOPLIST_KEY_UILaunchScreen_Generation = YES;
				INFOPLIST_KEY_UISupportedInterfaceOrientations_iPad = "UIInterfaceOrientationPortrait UIInterfaceOrientationPortraitUpsideDown UIInterfaceOrientationLandscapeLeft UIInterfaceOrientationLandscapeRight";
				INFOPLIST_KEY_UISupportedInterfaceOrientations_iPhone = "UIInterfaceOrientationPortrait UIInterfaceOrientationLandscapeLeft UIInterfaceOrientationLandscapeRight";
				LD_RUNPATH_SEARCH_PATHS = (
					"$(inherited)",
					"@executable_path/Frameworks",
				);
				MARKETING_VERSION = 1.0;
				PRODUCT_BUNDLE_IDENTIFIER = "com.minh.SwiftUI-Bootcamp";
				PRODUCT_NAME = "$(TARGET_NAME)";
				SWIFT_EMIT_LOC_STRINGS = YES;
				SWIFT_VERSION = 5.0;
				TARGETED_DEVICE_FAMILY = "1,2";
			};
			name = Release;
		};
/* End XCBuildConfiguration section */

/* Begin XCConfigurationList section */
		65F8590A2C91F94800F36691 /* Build configuration list for PBXProject "SwiftUI-Bootcamp" */ = {
			isa = XCConfigurationList;
			buildConfigurations = (
				65F8591B2C91F94A00F36691 /* Debug */,
				65F8591C2C91F94A00F36691 /* Release */,
			);
			defaultConfigurationIsVisible = 0;
			defaultConfigurationName = Release;
		};
		65F8591D2C91F94A00F36691 /* Build configuration list for PBXNativeTarget "SwiftUI-Bootcamp" */ = {
			isa = XCConfigurationList;
			buildConfigurations = (
				65F8591E2C91F94A00F36691 /* Debug */,
				65F8591F2C91F94A00F36691 /* Release */,
			);
			defaultConfigurationIsVisible = 0;
			defaultConfigurationName = Release;
		};
/* End XCConfigurationList section */
	};
	rootObject = 65F859072C91F94800F36691 /* Project object */;
}
